{
  "name": "al-data",
  "version": "0.0.1",
  "lockfileVersion": 1,
  "requires": true,
  "dependencies": {
    "@angular/common": {
      "version": "6.0.3",
      "resolved": "https://registry.npmjs.org/@angular/common/-/common-6.0.3.tgz",
      "integrity": "sha512-tqEYeEXoaw2kzSUfTrmC3ruJ87trS61SHayIf56f/jtEVn+4pbgJDTNvLSnB6QEaMTn7sX6QBroauMWmdTVSvA==",
      "dev": true,
      "requires": {
        "tslib": "^1.9.0"
      }
    },
    "@angular/core": {
      "version": "6.0.3",
      "resolved": "https://registry.npmjs.org/@angular/core/-/core-6.0.3.tgz",
      "integrity": "sha512-YJk0kS/V9C2JFKMHfiw6TNxmfkYWGW4HzqGOm/VoPkvj9O4Erkz/OtOOc8hYGmXFmQz1UpOAByzY2XIlEi72XQ==",
      "dev": true,
      "requires": {
        "tslib": "^1.9.0"
      }
    },
    "@angular/forms": {
      "version": "6.0.3",
      "resolved": "https://registry.npmjs.org/@angular/forms/-/forms-6.0.3.tgz",
      "integrity": "sha512-YAjRMERggkzb3cIo8iKOz1xB89Ko4fSh4A1suqrv9o2Xu41Qxs6LwrWVW+6x+N5kBzvbKFZyADqSz1otMQP83Q==",
      "dev": true,
      "requires": {
        "tslib": "^1.9.0"
      }
    },
    "@angular/router": {
      "version": "6.0.3",
      "resolved": "https://registry.npmjs.org/@angular/router/-/router-6.0.3.tgz",
      "integrity": "sha512-7pQYu5DnNXwZ8nZrKtTpBo3HQoirKSP2hGAoHA0rPsqZvavBfuhUzsksYVvKvFEtoPmBe69uEYydhr115MTTNQ==",
      "dev": true,
      "requires": {
        "tslib": "^1.9.0"
      }
    },
    "@ngx-formly/bootstrap": {
      "version": "4.4.2",
      "resolved": "https://registry.npmjs.org/@ngx-formly/bootstrap/-/bootstrap-4.4.2.tgz",
      "integrity": "sha512-WzPG4V1Zod4xs05LDEaDu17M/ITu/6xgu+sOdPpmZYdnwNeRFKc6ZK5g+vSAMTsPfESC7byO4SxSpBJl03Q5MA==",
      "dev": true,
      "requires": {
        "tslib": "^1.9.0"
      }
    },
    "@ngx-formly/core": {
      "version": "4.4.2",
      "resolved": "https://registry.npmjs.org/@ngx-formly/core/-/core-4.4.2.tgz",
      "integrity": "sha512-pMtHq8BWBOmwHE6XwYJv79K0xUrPLT5QULonQYFukDORYhx1eQa+y142fWu5La2TkKpfK87ffCRYRvPjS8kasg==",
      "dev": true,
      "requires": {
        "tslib": "^1.7.1"
      }
    },
    "ngx-bootstrap": {
      "version": "3.0.0",
      "resolved": "https://registry.npmjs.org/ngx-bootstrap/-/ngx-bootstrap-3.0.0.tgz",
      "integrity": "sha512-Zu3m5Nwp6ISaqjrFeb1evFoaMn8EDR//RHoKeuLelvFOJjKHaCsbOdkWrAAtpTSapdc892mfZfWdTmSuaN2t5A==",
      "dev": true
    },
    "tslib": {
      "version": "1.9.2",
      "resolved": "https://registry.npmjs.org/tslib/-/tslib-1.9.2.tgz",
      "integrity": "sha512-AVP5Xol3WivEr7hnssHDsaM+lVrVXWUvd1cfXTRkTj80b//6g2wIFEH6hZG0muGZRnHGrfttpdzRk3YlBkWjKw==",
      "dev": true
    }
  }
}
